// !$*UTF8*$!
{
	archiveVersion = 1;
	classes = {
	};
	objectVersion = 50;
	objects = {

/* Begin PBXBuildFile section */
		0EA573950C09BC0D277C6622 /* robotomedium500.ttf in Resources */ = {isa = PBXBuildFile; fileRef = AB3C5E7DEE5533FF7BDAA059 /* robotomedium500.ttf */; };
		116399B2DF9452895ABA6925 /* AppnavigationView.swift in Sources */ = {isa = PBXBuildFile; fileRef = 670ACCE995B1B12ECE08FCF9 /* AppnavigationView.swift */; };
		196071F40DC9D0ADD7266BEE /* TelegramXMainScreenViewModel.swift in Sources */ = {isa = PBXBuildFile; fileRef = AF2CD1129FFB88A7F11D8A6A /* TelegramXMainScreenViewModel.swift */; };
		202327C8E7EE00BCC7AD573F /* Group1Cell.swift in Sources */ = {isa = PBXBuildFile; fileRef = 3149523EF6980A2DC22CF5D8 /* Group1Cell.swift */; };
		3382378BDDF8EC97C370066E /* IncomingCallNotificationViewModel.swift in Sources */ = {isa = PBXBuildFile; fileRef = DF06B4C39063C68826536351 /* IncomingCallNotificationViewModel.swift */; };
		4AF877411F420CEDB33679F8 /* IncomingCallNotificationMorethanoneprofileView.swift in Sources */ = {isa = PBXBuildFile; fileRef = 80190AF078B6F1F5F3C4A250 /* IncomingCallNotificationMorethanoneprofileView.swift */; };
		4F34B128D39028A6974CEF18 /* GroupCell.swift in Sources */ = {isa = PBXBuildFile; fileRef = E797792AA261B451365537DB /* GroupCell.swift */; };
		672FF0136E162132E79A6C21 /* Group6Cell.swift in Sources */ = {isa = PBXBuildFile; fileRef = E2C5AC504DC300FC578A5588 /* Group6Cell.swift */; };
		6862744C98FEDCC4A43DFEB7 /* StringScheme.swift in Sources */ = {isa = PBXBuildFile; fileRef = F85FD3BD2D112C125D819BEC /* StringScheme.swift */; };
		693F0F5C60E4F6490D371D7D /* IncomingGroupCallNotificationView.swift in Sources */ = {isa = PBXBuildFile; fileRef = C73A0D7A97755B92C3A4BF76 /* IncomingGroupCallNotificationView.swift */; };
		70BA42A79A89E22C59FA4AB7 /* robotoregular400.ttf in Resources */ = {isa = PBXBuildFile; fileRef = B6069CB1F5C32D119939AECD /* robotoregular400.ttf */; };
		78FBDE1D0429BB8D159390AC /* FontScheme.swift in Sources */ = {isa = PBXBuildFile; fileRef = 50E1C82FDCB54F58E950C2A1 /* FontScheme.swift */; };
		7D9D195A8B07DCCCF941DC50 /* Group7Cell.swift in Sources */ = {isa = PBXBuildFile; fileRef = 6E081905B051B17436C48C24 /* Group7Cell.swift */; };
		7F44DBA127422A5D00171570 /* ActivityLoader.swift in Sources */ = {isa = PBXBuildFile; fileRef = 7F44DBA027422A5D00171570 /* ActivityLoader.swift */; };
		8007EF7C5C63232B6B81A1AA /* IncomingCallNotificationView.swift in Sources */ = {isa = PBXBuildFile; fileRef = 721ECEAEB6C291BA7202BEC8 /* IncomingCallNotificationView.swift */; };
		85595753B3FE671BB017B383 /* robotobold700.ttf in Resources */ = {isa = PBXBuildFile; fileRef = 77D90054F01C2122704261A2 /* robotobold700.ttf */; };
		884F3E5127B0E65A00963FC4 /* RoundedCornersView.swift in Sources */ = {isa = PBXBuildFile; fileRef = 884F3E5027B0E65A00963FC4 /* RoundedCornersView.swift */; };
		8853052627718DC500B04E6F /* ViewExtension.swift in Sources */ = {isa = PBXBuildFile; fileRef = 8853052527718DC500B04E6F /* ViewExtension.swift */; };
		8853052A27718E2D00B04E6F /* EncodableExtension.swift in Sources */ = {isa = PBXBuildFile; fileRef = 8853052927718E2D00B04E6F /* EncodableExtension.swift */; };
		8853052C2771949600B04E6F /* UINavigationController.swift in Sources */ = {isa = PBXBuildFile; fileRef = 8853052B2771949600B04E6F /* UINavigationController.swift */; };
		88680D1C2775C601002E964F /* ViewportHelper.swift in Sources */ = {isa = PBXBuildFile; fileRef = 88680D1B2775C601002E964F /* ViewportHelper.swift */; };
		888CB47527686A000041116C /* APIExtensions.swift in Sources */ = {isa = PBXBuildFile; fileRef = 888CB47427686A000041116C /* APIExtensions.swift */; };
		88ED74EC272FFE6F0088E3EF /* Assets.xcassets in Resources */ = {isa = PBXBuildFile; fileRef = 88ED74EB272FFE6F0088E3EF /* Assets.xcassets */; };
		88ED74EF272FFE6F0088E3EF /* Preview Assets.xcassets in Resources */ = {isa = PBXBuildFile; fileRef = 88ED74EE272FFE6F0088E3EF /* Preview Assets.xcassets */; };
		88ED7500272FFECA0088E3EF /* Utilities.swift in Sources */ = {isa = PBXBuildFile; fileRef = 88ED74F7272FFECA0088E3EF /* Utilities.swift */; };
		88ED7501272FFECA0088E3EF /* AppConstants.swift in Sources */ = {isa = PBXBuildFile; fileRef = 88ED74F9272FFECA0088E3EF /* AppConstants.swift */; };
		88ED7503272FFECA0088E3EF /* APIManager.swift in Sources */ = {isa = PBXBuildFile; fileRef = 88ED74FD272FFECA0088E3EF /* APIManager.swift */; };
		88ED7504272FFECA0088E3EF /* rahulsapplication4App.swift in Sources */ = {isa = PBXBuildFile; fileRef = 88ED74FF272FFECA0088E3EF /* rahulsapplication4App.swift */; };
		8E1A0CD13739CB566F273944 /* AppnavigationViewModel.swift in Sources */ = {isa = PBXBuildFile; fileRef = C0F20A68C9F2F1ACC3A82954 /* AppnavigationViewModel.swift */; };
		956F0E9B472817228D2B7D35 /* IncomingCallNotification1View.swift in Sources */ = {isa = PBXBuildFile; fileRef = 9C1701447FDA3D5D21173A16 /* IncomingCallNotification1View.swift */; };
		9643BD07EF29B16872B9ECB9 /* Group3Cell.swift in Sources */ = {isa = PBXBuildFile; fileRef = 25E16DFB5EB7597E5CBA5A1B /* Group3Cell.swift */; };
		9FDC976B9662FB6C4BBD3A14 /* IncomingcallinthemiddleofanothercallView.swift in Sources */ = {isa = PBXBuildFile; fileRef = 8634B2E8B1A6AAF5217543D2 /* IncomingcallinthemiddleofanothercallView.swift */; };
		A724B963FB50523B9F27AED1 /* IncomingcallinthemiddleofanothercallViewModel.swift in Sources */ = {isa = PBXBuildFile; fileRef = 4B4642F867E03D03BE569D7B /* IncomingcallinthemiddleofanothercallViewModel.swift */; };
		ACBC34F179E44F1B442297B7 /* Group5Cell.swift in Sources */ = {isa = PBXBuildFile; fileRef = EB09D8E4697C01A3AE7D4004 /* Group5Cell.swift */; };
		B6D6FFA34F3264D923625A1E /* TelegramXMainScreenView.swift in Sources */ = {isa = PBXBuildFile; fileRef = FF72595CCADA0D272F019AF8 /* TelegramXMainScreenView.swift */; };
		BD714E3976484C2C9028867A /* Group8Cell.swift in Sources */ = {isa = PBXBuildFile; fileRef = 220CBD624C20C8E8D4AA2615 /* Group8Cell.swift */; };
		BDA8F9134AB2B621E0F831DB /* Group4Cell.swift in Sources */ = {isa = PBXBuildFile; fileRef = 83E79DA815D9EE5A201FD64C /* Group4Cell.swift */; };
		BF2F6A278A2F089B0EBFFF49 /* IncomingCallNotification1ViewModel.swift in Sources */ = {isa = PBXBuildFile; fileRef = 6109085EDE6A32260D7E50CA /* IncomingCallNotification1ViewModel.swift */; };
		C40AB9F82754D79E006BC5D7 /* AppDelegate.swift in Sources */ = {isa = PBXBuildFile; fileRef = C40AB9F72754D79E006BC5D7 /* AppDelegate.swift */; };
		EEEAC4DE8AABAD1BD43B5968 /* IncomingCallNotificationMorethanoneprofileViewModel.swift in Sources */ = {isa = PBXBuildFile; fileRef = 79F3ECECA8578CA5982008E1 /* IncomingCallNotificationMorethanoneprofileViewModel.swift */; };
		EFBB95A095961C903A0DA038 /* ColorConstants.swift in Sources */ = {isa = PBXBuildFile; fileRef = 08C90A0949900B608AC21EE5 /* ColorConstants.swift */; };
		FE6729C20D41B9A18D75E7D8 /* Group2Cell.swift in Sources */ = {isa = PBXBuildFile; fileRef = 8739D7321139402EF9C33425 /* Group2Cell.swift */; };
		FEBA9787FDBC5FDAC22DB062 /* IncomingGroupCallNotificationViewModel.swift in Sources */ = {isa = PBXBuildFile; fileRef = 82DCFE437B2F668C9EA32E4C /* IncomingGroupCallNotificationViewModel.swift */; };
/* End PBXBuildFile section */

/* Begin PBXFileReference section */
		08C90A0949900B608AC21EE5 /* ColorConstants.swift */ = {isa = PBXFileReference; includeInIndex = 1; lastKnownFileType = sourcecode.swift; path = ColorConstants.swift; sourceTree = "<group>"; };
		220CBD624C20C8E8D4AA2615 /* Group8Cell.swift */ = {isa = PBXFileReference; includeInIndex = 1; lastKnownFileType = sourcecode.swift; path = Group8Cell.swift; sourceTree = "<group>"; };
		25E16DFB5EB7597E5CBA5A1B /* Group3Cell.swift */ = {isa = PBXFileReference; includeInIndex = 1; lastKnownFileType = sourcecode.swift; path = Group3Cell.swift; sourceTree = "<group>"; };
		3149523EF6980A2DC22CF5D8 /* Group1Cell.swift */ = {isa = PBXFileReference; includeInIndex = 1; lastKnownFileType = sourcecode.swift; path = Group1Cell.swift; sourceTree = "<group>"; };
		4B4642F867E03D03BE569D7B /* IncomingcallinthemiddleofanothercallViewModel.swift */ = {isa = PBXFileReference; includeInIndex = 1; lastKnownFileType = sourcecode.swift; path = IncomingcallinthemiddleofanothercallViewModel.swift; sourceTree = "<group>"; };
		50E1C82FDCB54F58E950C2A1 /* FontScheme.swift */ = {isa = PBXFileReference; includeInIndex = 1; lastKnownFileType = sourcecode.swift; path = FontScheme.swift; sourceTree = "<group>"; };
		6109085EDE6A32260D7E50CA /* IncomingCallNotification1ViewModel.swift */ = {isa = PBXFileReference; includeInIndex = 1; lastKnownFileType = sourcecode.swift; path = IncomingCallNotification1ViewModel.swift; sourceTree = "<group>"; };
		670ACCE995B1B12ECE08FCF9 /* AppnavigationView.swift */ = {isa = PBXFileReference; includeInIndex = 1; lastKnownFileType = sourcecode.swift; path = AppnavigationView.swift; sourceTree = "<group>"; };
		6E081905B051B17436C48C24 /* Group7Cell.swift */ = {isa = PBXFileReference; includeInIndex = 1; lastKnownFileType = sourcecode.swift; path = Group7Cell.swift; sourceTree = "<group>"; };
		721ECEAEB6C291BA7202BEC8 /* IncomingCallNotificationView.swift */ = {isa = PBXFileReference; includeInIndex = 1; lastKnownFileType = sourcecode.swift; path = IncomingCallNotificationView.swift; sourceTree = "<group>"; };
		77D90054F01C2122704261A2 /* robotobold700.ttf */ = {isa = PBXFileReference; includeInIndex = 1; path = robotobold700.ttf; sourceTree = "<group>"; };
		79F3ECECA8578CA5982008E1 /* IncomingCallNotificationMorethanoneprofileViewModel.swift */ = {isa = PBXFileReference; includeInIndex = 1; lastKnownFileType = sourcecode.swift; path = IncomingCallNotificationMorethanoneprofileViewModel.swift; sourceTree = "<group>"; };
		7F44DBA027422A5D00171570 /* ActivityLoader.swift */ = {isa = PBXFileReference; lastKnownFileType = sourcecode.swift; path = ActivityLoader.swift; sourceTree = "<group>"; };
		80190AF078B6F1F5F3C4A250 /* IncomingCallNotificationMorethanoneprofileView.swift */ = {isa = PBXFileReference; includeInIndex = 1; lastKnownFileType = sourcecode.swift; path = IncomingCallNotificationMorethanoneprofileView.swift; sourceTree = "<group>"; };
		82DCFE437B2F668C9EA32E4C /* IncomingGroupCallNotificationViewModel.swift */ = {isa = PBXFileReference; includeInIndex = 1; lastKnownFileType = sourcecode.swift; path = IncomingGroupCallNotificationViewModel.swift; sourceTree = "<group>"; };
		83E79DA815D9EE5A201FD64C /* Group4Cell.swift */ = {isa = PBXFileReference; includeInIndex = 1; lastKnownFileType = sourcecode.swift; path = Group4Cell.swift; sourceTree = "<group>"; };
		8634B2E8B1A6AAF5217543D2 /* IncomingcallinthemiddleofanothercallView.swift */ = {isa = PBXFileReference; includeInIndex = 1; lastKnownFileType = sourcecode.swift; path = IncomingcallinthemiddleofanothercallView.swift; sourceTree = "<group>"; };
		8739D7321139402EF9C33425 /* Group2Cell.swift */ = {isa = PBXFileReference; includeInIndex = 1; lastKnownFileType = sourcecode.swift; path = Group2Cell.swift; sourceTree = "<group>"; };
		884F3E5027B0E65A00963FC4 /* RoundedCornersView.swift */ = {isa = PBXFileReference; lastKnownFileType = sourcecode.swift; path = RoundedCornersView.swift; sourceTree = "<group>"; };
		8853052527718DC500B04E6F /* ViewExtension.swift */ = {isa = PBXFileReference; lastKnownFileType = sourcecode.swift; path = ViewExtension.swift; sourceTree = "<group>"; };
		8853052927718E2D00B04E6F /* EncodableExtension.swift */ = {isa = PBXFileReference; lastKnownFileType = sourcecode.swift; path = EncodableExtension.swift; sourceTree = "<group>"; };
		8853052B2771949600B04E6F /* UINavigationController.swift */ = {isa = PBXFileReference; fileEncoding = 4; lastKnownFileType = sourcecode.swift; path = UINavigationController.swift; sourceTree = "<group>"; };
		88680D1B2775C601002E964F /* ViewportHelper.swift */ = {isa = PBXFileReference; lastKnownFileType = sourcecode.swift; path = ViewportHelper.swift; sourceTree = "<group>"; };
		888CB47427686A000041116C /* APIExtensions.swift */ = {isa = PBXFileReference; lastKnownFileType = sourcecode.swift; path = APIExtensions.swift; sourceTree = "<group>"; };
		88ED74E4272FFE6E0088E3EF /* rahulsapplication4.app */ = {isa = PBXFileReference; explicitFileType = wrapper.application; includeInIndex = 0; path = rahulsapplication4.app; sourceTree = BUILT_PRODUCTS_DIR; };
		88ED74EB272FFE6F0088E3EF /* Assets.xcassets */ = {isa = PBXFileReference; lastKnownFileType = folder.assetcatalog; path = Assets.xcassets; sourceTree = "<group>"; };
		88ED74EE272FFE6F0088E3EF /* Preview Assets.xcassets */ = {isa = PBXFileReference; lastKnownFileType = folder.assetcatalog; path = "Preview Assets.xcassets"; sourceTree = "<group>"; };
		88ED74F0272FFE6F0088E3EF /* Info.plist */ = {isa = PBXFileReference; lastKnownFileType = text.plist.xml; path = Info.plist; sourceTree = "<group>"; };
		88ED74F7272FFECA0088E3EF /* Utilities.swift */ = {isa = PBXFileReference; fileEncoding = 4; lastKnownFileType = sourcecode.swift; path = Utilities.swift; sourceTree = "<group>"; };
		88ED74F9272FFECA0088E3EF /* AppConstants.swift */ = {isa = PBXFileReference; fileEncoding = 4; lastKnownFileType = sourcecode.swift; path = AppConstants.swift; sourceTree = "<group>"; };
		88ED74FD272FFECA0088E3EF /* APIManager.swift */ = {isa = PBXFileReference; fileEncoding = 4; lastKnownFileType = sourcecode.swift; path = APIManager.swift; sourceTree = "<group>"; };
		88ED74FF272FFECA0088E3EF /* rahulsapplication4App.swift */ = {isa = PBXFileReference; fileEncoding = 4; lastKnownFileType = sourcecode.swift; path = rahulsapplication4App.swift; sourceTree = "<group>"; };
		9C1701447FDA3D5D21173A16 /* IncomingCallNotification1View.swift */ = {isa = PBXFileReference; includeInIndex = 1; lastKnownFileType = sourcecode.swift; path = IncomingCallNotification1View.swift; sourceTree = "<group>"; };
		AB3C5E7DEE5533FF7BDAA059 /* robotomedium500.ttf */ = {isa = PBXFileReference; includeInIndex = 1; path = robotomedium500.ttf; sourceTree = "<group>"; };
		AF2CD1129FFB88A7F11D8A6A /* TelegramXMainScreenViewModel.swift */ = {isa = PBXFileReference; includeInIndex = 1; lastKnownFileType = sourcecode.swift; path = TelegramXMainScreenViewModel.swift; sourceTree = "<group>"; };
		B6069CB1F5C32D119939AECD /* robotoregular400.ttf */ = {isa = PBXFileReference; includeInIndex = 1; path = robotoregular400.ttf; sourceTree = "<group>"; };
		C0F20A68C9F2F1ACC3A82954 /* AppnavigationViewModel.swift */ = {isa = PBXFileReference; includeInIndex = 1; lastKnownFileType = sourcecode.swift; path = AppnavigationViewModel.swift; sourceTree = "<group>"; };
		C40AB9F72754D79E006BC5D7 /* AppDelegate.swift */ = {isa = PBXFileReference; fileEncoding = 4; lastKnownFileType = sourcecode.swift; path = AppDelegate.swift; sourceTree = "<group>"; };
		C73A0D7A97755B92C3A4BF76 /* IncomingGroupCallNotificationView.swift */ = {isa = PBXFileReference; includeInIndex = 1; lastKnownFileType = sourcecode.swift; path = IncomingGroupCallNotificationView.swift; sourceTree = "<group>"; };
		DF06B4C39063C68826536351 /* IncomingCallNotificationViewModel.swift */ = {isa = PBXFileReference; includeInIndex = 1; lastKnownFileType = sourcecode.swift; path = IncomingCallNotificationViewModel.swift; sourceTree = "<group>"; };
		E2C5AC504DC300FC578A5588 /* Group6Cell.swift */ = {isa = PBXFileReference; includeInIndex = 1; lastKnownFileType = sourcecode.swift; path = Group6Cell.swift; sourceTree = "<group>"; };
		E797792AA261B451365537DB /* GroupCell.swift */ = {isa = PBXFileReference; includeInIndex = 1; lastKnownFileType = sourcecode.swift; path = GroupCell.swift; sourceTree = "<group>"; };
		EB09D8E4697C01A3AE7D4004 /* Group5Cell.swift */ = {isa = PBXFileReference; includeInIndex = 1; lastKnownFileType = sourcecode.swift; path = Group5Cell.swift; sourceTree = "<group>"; };
		F85FD3BD2D112C125D819BEC /* StringScheme.swift */ = {isa = PBXFileReference; includeInIndex = 1; lastKnownFileType = sourcecode.swift; path = StringScheme.swift; sourceTree = "<group>"; };
		FF72595CCADA0D272F019AF8 /* TelegramXMainScreenView.swift */ = {isa = PBXFileReference; includeInIndex = 1; lastKnownFileType = sourcecode.swift; path = TelegramXMainScreenView.swift; sourceTree = "<group>"; };
/* End PBXFileReference section */

/* Begin PBXFrameworksBuildPhase section */
		88ED74E1272FFE6E0088E3EF /* Frameworks */ = {
			isa = PBXFrameworksBuildPhase;
			buildActionMask = 2147483647;
			files = (
			);
			runOnlyForDeploymentPostprocessing = 0;
		};
/* End PBXFrameworksBuildPhase section */

/* Begin PBXGroup section */
		0898DE12923C2EBD022BB378 /* Cell */ = {
			isa = PBXGroup;
			children = (
				E797792AA261B451365537DB /* GroupCell.swift */,
			);
			name = Cell;
			path = Cell;
			sourceTree = "<group>";
		};
		1185D2D56C63852A9D3807F2 /* TelegramXMainScreenView */ = {
			isa = PBXGroup;
			children = (
				FF72595CCADA0D272F019AF8 /* TelegramXMainScreenView.swift */,
				0898DE12923C2EBD022BB378 /* Cell */,
				AF2CD1129FFB88A7F11D8A6A /* TelegramXMainScreenViewModel.swift */,
			);
			name = TelegramXMainScreenView;
			path = TelegramXMainScreenView;
			sourceTree = "<group>";
		};
		22585F6D457DF54A72D64D2A /* Views */ = {
			isa = PBXGroup;
			children = (
				1185D2D56C63852A9D3807F2 /* TelegramXMainScreenView */,
				E51E225F9FD60DA40C44DEC8 /* IncomingCallNotificationView */,
				2CFAB41CBF782CDBFF2DD0A1 /* IncomingCallNotification1View */,
				C0638FA75C6158119EB95313 /* IncomingCallNotificationMorethanoneprofileView */,
				7BE04A810D46BD64822CD70F /* IncomingGroupCallNotificationView */,
				D2AFC5EC059664A420147201 /* IncomingcallinthemiddleofanothercallView */,
				55FD9DE46E3549B5BEC5B70F /* AppnavigationView */,
			);
			name = Views;
			path = Views;
			sourceTree = "<group>";
		};
		2CFAB41CBF782CDBFF2DD0A1 /* IncomingCallNotification1View */ = {
			isa = PBXGroup;
			children = (
				9C1701447FDA3D5D21173A16 /* IncomingCallNotification1View.swift */,
				5F96CD03B8A2221232CAE7D1 /* Cell */,
				6109085EDE6A32260D7E50CA /* IncomingCallNotification1ViewModel.swift */,
			);
			name = IncomingCallNotification1View;
			path = IncomingCallNotification1View;
			sourceTree = "<group>";
		};
		33886C6B1448223096A5AA0B /* CustomViews */ = {
			isa = PBXGroup;
			children = (
			);
			name = CustomViews;
			path = CustomViews;
			sourceTree = "<group>";
		};
		55FD9DE46E3549B5BEC5B70F /* AppnavigationView */ = {
			isa = PBXGroup;
			children = (
				670ACCE995B1B12ECE08FCF9 /* AppnavigationView.swift */,
				C0F20A68C9F2F1ACC3A82954 /* AppnavigationViewModel.swift */,
			);
			name = AppnavigationView;
			path = AppnavigationView;
			sourceTree = "<group>";
		};
		5F96CD03B8A2221232CAE7D1 /* Cell */ = {
			isa = PBXGroup;
			children = (
				25E16DFB5EB7597E5CBA5A1B /* Group3Cell.swift */,
				83E79DA815D9EE5A201FD64C /* Group4Cell.swift */,
			);
			name = Cell;
			path = Cell;
			sourceTree = "<group>";
		};
		75D411EE84D1146EFC53FCDA /* Fonts */ = {
			isa = PBXGroup;
			children = (
				77D90054F01C2122704261A2 /* robotobold700.ttf */,
				AB3C5E7DEE5533FF7BDAA059 /* robotomedium500.ttf */,
				B6069CB1F5C32D119939AECD /* robotoregular400.ttf */,
			);
			name = Fonts;
			path = Fonts;
			sourceTree = "<group>";
		};
		7BE04A810D46BD64822CD70F /* IncomingGroupCallNotificationView */ = {
			isa = PBXGroup;
			children = (
				C73A0D7A97755B92C3A4BF76 /* IncomingGroupCallNotificationView.swift */,
				D0746CF4ED5B417DEF0F57E6 /* Cell */,
				82DCFE437B2F668C9EA32E4C /* IncomingGroupCallNotificationViewModel.swift */,
			);
			name = IncomingGroupCallNotificationView;
			path = IncomingGroupCallNotificationView;
			sourceTree = "<group>";
		};
		7F44DB9E27422A4200171570 /* Helper */ = {
			isa = PBXGroup;
			children = (
				88680D1A2775C5BD002E964F /* Viewport */,
				7F44DB9F27422A4200171570 /* ActivityLoader */,
			);
			path = Helper;
			sourceTree = "<group>";
		};
		7F44DB9F27422A4200171570 /* ActivityLoader */ = {
			isa = PBXGroup;
			children = (
				7F44DBA027422A5D00171570 /* ActivityLoader.swift */,
			);
			path = ActivityLoader;
			sourceTree = "<group>";
		};
		88680D1A2775C5BD002E964F /* Viewport */ = {
			isa = PBXGroup;
			children = (
				88680D1B2775C601002E964F /* ViewportHelper.swift */,
			);
			path = Viewport;
			sourceTree = "<group>";
		};
		88ED74DB272FFE6E0088E3EF = {
			isa = PBXGroup;
			children = (
				88ED74E6272FFE6E0088E3EF /* rahulsapplication4 */,
				88ED74E5272FFE6E0088E3EF /* Products */,
			);
			sourceTree = "<group>";
		};
		88ED74E5272FFE6E0088E3EF /* Products */ = {
			isa = PBXGroup;
			children = (
				88ED74E4272FFE6E0088E3EF /* rahulsapplication4.app */,
			);
			name = Products;
			sourceTree = "<group>";
		};
		88ED74E6272FFE6E0088E3EF /* rahulsapplication4 */ = {
			isa = PBXGroup;
			children = (
				88ED74FC272FFECA0088E3EF /* Services */,
				88ED74FE272FFECA0088E3EF /* Application */,
				88ED74F8272FFECA0088E3EF /* Constants */,
				88ED74FA272FFECA0088E3EF /* Extensions */,
				88ED74F6272FFECA0088E3EF /* Utilities */,
				7F44DB9E27422A4200171570 /* Helper */,
				88ED74EB272FFE6F0088E3EF /* Assets.xcassets */,
				88ED74F0272FFE6F0088E3EF /* Info.plist */,
				88ED74ED272FFE6F0088E3EF /* Preview Content */,
				8E2EB845DC17F2B424264EAA /* Resources */,
				22585F6D457DF54A72D64D2A /* Views */,
				33886C6B1448223096A5AA0B /* CustomViews */,
			);
			path = rahulsapplication4;
			sourceTree = "<group>";
		};
		88ED74ED272FFE6F0088E3EF /* Preview Content */ = {
			isa = PBXGroup;
			children = (
				88ED74EE272FFE6F0088E3EF /* Preview Assets.xcassets */,
			);
			path = "Preview Content";
			sourceTree = "<group>";
		};
		88ED74F6272FFECA0088E3EF /* Utilities */ = {
			isa = PBXGroup;
			children = (
				88ED74F7272FFECA0088E3EF /* Utilities.swift */,
			);
			path = Utilities;
			sourceTree = "<group>";
		};
		88ED74F8272FFECA0088E3EF /* Constants */ = {
			isa = PBXGroup;
			children = (
				88ED74F9272FFECA0088E3EF /* AppConstants.swift */,
				F85FD3BD2D112C125D819BEC /* StringScheme.swift */,
				08C90A0949900B608AC21EE5 /* ColorConstants.swift */,
				50E1C82FDCB54F58E950C2A1 /* FontScheme.swift */,
			);
			path = Constants;
			sourceTree = "<group>";
		};
		88ED74FA272FFECA0088E3EF /* Extensions */ = {
			isa = PBXGroup;
			children = (
				888CB47427686A000041116C /* APIExtensions.swift */,
				8853052527718DC500B04E6F /* ViewExtension.swift */,
				8853052B2771949600B04E6F /* UINavigationController.swift */,
				8853052927718E2D00B04E6F /* EncodableExtension.swift */,
				884F3E5027B0E65A00963FC4 /* RoundedCornersView.swift */,
			);
			path = Extensions;
			sourceTree = "<group>";
		};
		88ED74FC272FFECA0088E3EF /* Services */ = {
			isa = PBXGroup;
			children = (
				88ED74FD272FFECA0088E3EF /* APIManager.swift */,
			);
			path = Services;
			sourceTree = "<group>";
		};
		88ED74FE272FFECA0088E3EF /* Application */ = {
			isa = PBXGroup;
			children = (
				C40AB9F72754D79E006BC5D7 /* AppDelegate.swift */,
				88ED74FF272FFECA0088E3EF /* rahulsapplication4App.swift */,
			);
			path = Application;
			sourceTree = "<group>";
		};
		8E2EB845DC17F2B424264EAA /* Resources */ = {
			isa = PBXGroup;
			children = (
				75D411EE84D1146EFC53FCDA /* Fonts */,
			);
			name = Resources;
			path = Resources;
			sourceTree = "<group>";
		};
		B0FEA3EF2D9447574B415985 /* Cell */ = {
			isa = PBXGroup;
			children = (
				3149523EF6980A2DC22CF5D8 /* Group1Cell.swift */,
				8739D7321139402EF9C33425 /* Group2Cell.swift */,
			);
			name = Cell;
			path = Cell;
			sourceTree = "<group>";
		};
		B8EE13E11659D1C07A6BB79F /* Cell */ = {
			isa = PBXGroup;
			children = (
				EB09D8E4697C01A3AE7D4004 /* Group5Cell.swift */,
				E2C5AC504DC300FC578A5588 /* Group6Cell.swift */,
			);
			name = Cell;
			path = Cell;
			sourceTree = "<group>";
		};
		C0638FA75C6158119EB95313 /* IncomingCallNotificationMorethanoneprofileView */ = {
			isa = PBXGroup;
			children = (
				80190AF078B6F1F5F3C4A250 /* IncomingCallNotificationMorethanoneprofileView.swift */,
				B8EE13E11659D1C07A6BB79F /* Cell */,
				79F3ECECA8578CA5982008E1 /* IncomingCallNotificationMorethanoneprofileViewModel.swift */,
			);
			name = IncomingCallNotificationMorethanoneprofileView;
			path = IncomingCallNotificationMorethanoneprofileView;
			sourceTree = "<group>";
		};
		D0746CF4ED5B417DEF0F57E6 /* Cell */ = {
			isa = PBXGroup;
			children = (
				6E081905B051B17436C48C24 /* Group7Cell.swift */,
				220CBD624C20C8E8D4AA2615 /* Group8Cell.swift */,
			);
			name = Cell;
			path = Cell;
			sourceTree = "<group>";
		};
		D2AFC5EC059664A420147201 /* IncomingcallinthemiddleofanothercallView */ = {
			isa = PBXGroup;
			children = (
				8634B2E8B1A6AAF5217543D2 /* IncomingcallinthemiddleofanothercallView.swift */,
				4B4642F867E03D03BE569D7B /* IncomingcallinthemiddleofanothercallViewModel.swift */,
			);
			name = IncomingcallinthemiddleofanothercallView;
			path = IncomingcallinthemiddleofanothercallView;
			sourceTree = "<group>";
		};
		E51E225F9FD60DA40C44DEC8 /* IncomingCallNotificationView */ = {
			isa = PBXGroup;
			children = (
				721ECEAEB6C291BA7202BEC8 /* IncomingCallNotificationView.swift */,
				B0FEA3EF2D9447574B415985 /* Cell */,
				DF06B4C39063C68826536351 /* IncomingCallNotificationViewModel.swift */,
			);
			name = IncomingCallNotificationView;
			path = IncomingCallNotificationView;
			sourceTree = "<group>";
		};
/* End PBXGroup section */

/* Begin PBXNativeTarget section */
		88ED74E3272FFE6E0088E3EF /* rahulsapplication4 */ = {
			isa = PBXNativeTarget;
			buildConfigurationList = 88ED74F3272FFE6F0088E3EF /* Build configuration list for PBXNativeTarget "rahulsapplication4" */;
			buildPhases = (
				88ED74E0272FFE6E0088E3EF /* Sources */,
				88ED74E1272FFE6E0088E3EF /* Frameworks */,
				88ED74E2272FFE6E0088E3EF /* Resources */,
			);
			buildRules = (
			);
			dependencies = (
			);
			name = rahulsapplication4;
			productName = rahulsapplication4;
			productReference = 88ED74E4272FFE6E0088E3EF /* rahulsapplication4.app */;
			productType = "com.apple.product-type.application";
		};
/* End PBXNativeTarget section */

/* Begin PBXProject section */
		88ED74DC272FFE6E0088E3EF /* Project object */ = {
			isa = PBXProject;
			attributes = {
				LastSwiftUpdateCheck = 1250;
				LastUpgradeCheck = 1250;
				TargetAttributes = {
					88ED74E3272FFE6E0088E3EF = {
						CreatedOnToolsVersion = 12.5;
					};
				};
			};
			buildConfigurationList = 88ED74DF272FFE6E0088E3EF /* Build configuration list for PBXProject "rahulsapplication4" */;
			compatibilityVersion = "Xcode 9.3";
			developmentRegion = en;
			hasScannedForEncodings = 0;
			knownRegions = (
				en,
				Base,
			);
			mainGroup = 88ED74DB272FFE6E0088E3EF;
			productRefGroup = 88ED74E5272FFE6E0088E3EF /* Products */;
			projectDirPath = "";
			projectRoot = "";
			targets = (
				88ED74E3272FFE6E0088E3EF /* rahulsapplication4 */,
			);
		};
/* End PBXProject section */

/* Begin PBXResourcesBuildPhase section */
		88ED74E2272FFE6E0088E3EF /* Resources */ = {
			isa = PBXResourcesBuildPhase;
			buildActionMask = 2147483647;
			files = (
				88ED74EF272FFE6F0088E3EF /* Preview Assets.xcassets in Resources */,
				88ED74EC272FFE6F0088E3EF /* Assets.xcassets in Resources */,
				85595753B3FE671BB017B383 /* robotobold700.ttf in Resources */,
				0EA573950C09BC0D277C6622 /* robotomedium500.ttf in Resources */,
				70BA42A79A89E22C59FA4AB7 /* robotoregular400.ttf in Resources */,
			);
			runOnlyForDeploymentPostprocessing = 0;
		};
/* End PBXResourcesBuildPhase section */

/* Begin PBXSourcesBuildPhase section */
		88ED74E0272FFE6E0088E3EF /* Sources */ = {
			isa = PBXSourcesBuildPhase;
			buildActionMask = 2147483647;
			files = (
				888CB47527686A000041116C /* APIExtensions.swift in Sources */,
				8853052A27718E2D00B04E6F /* EncodableExtension.swift in Sources */,
				8853052C2771949600B04E6F /* UINavigationController.swift in Sources */,
				88ED7503272FFECA0088E3EF /* APIManager.swift in Sources */,
				7F44DBA127422A5D00171570 /* ActivityLoader.swift in Sources */,
				8853052627718DC500B04E6F /* ViewExtension.swift in Sources */,
				88ED7500272FFECA0088E3EF /* Utilities.swift in Sources */,
				88ED7504272FFECA0088E3EF /* rahulsapplication4App.swift in Sources */,
				C40AB9F82754D79E006BC5D7 /* AppDelegate.swift in Sources */,
				88680D1C2775C601002E964F /* ViewportHelper.swift in Sources */,
				88ED7501272FFECA0088E3EF /* AppConstants.swift in Sources */,
				884F3E5127B0E65A00963FC4 /* RoundedCornersView.swift in Sources */,
				6862744C98FEDCC4A43DFEB7 /* StringScheme.swift in Sources */,
				EFBB95A095961C903A0DA038 /* ColorConstants.swift in Sources */,
				78FBDE1D0429BB8D159390AC /* FontScheme.swift in Sources */,
				B6D6FFA34F3264D923625A1E /* TelegramXMainScreenView.swift in Sources */,
				4F34B128D39028A6974CEF18 /* GroupCell.swift in Sources */,
				8007EF7C5C63232B6B81A1AA /* IncomingCallNotificationView.swift in Sources */,
				202327C8E7EE00BCC7AD573F /* Group1Cell.swift in Sources */,
				FE6729C20D41B9A18D75E7D8 /* Group2Cell.swift in Sources */,
				956F0E9B472817228D2B7D35 /* IncomingCallNotification1View.swift in Sources */,
				9643BD07EF29B16872B9ECB9 /* Group3Cell.swift in Sources */,
				BDA8F9134AB2B621E0F831DB /* Group4Cell.swift in Sources */,
				4AF877411F420CEDB33679F8 /* IncomingCallNotificationMorethanoneprofileView.swift in Sources */,
				ACBC34F179E44F1B442297B7 /* Group5Cell.swift in Sources */,
				672FF0136E162132E79A6C21 /* Group6Cell.swift in Sources */,
				693F0F5C60E4F6490D371D7D /* IncomingGroupCallNotificationView.swift in Sources */,
				7D9D195A8B07DCCCF941DC50 /* Group7Cell.swift in Sources */,
				BD714E3976484C2C9028867A /* Group8Cell.swift in Sources */,
				9FDC976B9662FB6C4BBD3A14 /* IncomingcallinthemiddleofanothercallView.swift in Sources */,
				116399B2DF9452895ABA6925 /* AppnavigationView.swift in Sources */,
				BF2F6A278A2F089B0EBFFF49 /* IncomingCallNotification1ViewModel.swift in Sources */,
				196071F40DC9D0ADD7266BEE /* TelegramXMainScreenViewModel.swift in Sources */,
				3382378BDDF8EC97C370066E /* IncomingCallNotificationViewModel.swift in Sources */,
				EEEAC4DE8AABAD1BD43B5968 /* IncomingCallNotificationMorethanoneprofileViewModel.swift in Sources */,
				8E1A0CD13739CB566F273944 /* AppnavigationViewModel.swift in Sources */,
				A724B963FB50523B9F27AED1 /* IncomingcallinthemiddleofanothercallViewModel.swift in Sources */,
				FEBA9787FDBC5FDAC22DB062 /* IncomingGroupCallNotificationViewModel.swift in Sources */,
			);
			runOnlyForDeploymentPostprocessing = 0;
		};
/* End PBXSourcesBuildPhase section */

/* Begin XCBuildConfiguration section */
		88ED74F1272FFE6F0088E3EF /* Debug */ = {
			isa = XCBuildConfiguration;
			buildSettings = {
				ALWAYS_SEARCH_USER_PATHS = NO;
				CLANG_ANALYZER_NONNULL = YES;
				CLANG_ANALYZER_NUMBER_OBJECT_CONVERSION = YES_AGGRESSIVE;
				CLANG_CXX_LANGUAGE_STANDARD = "gnu++14";
				CLANG_CXX_LIBRARY = "libc++";
				CLANG_ENABLE_MODULES = YES;
				CLANG_ENABLE_OBJC_ARC = YES;
				CLANG_ENABLE_OBJC_WEAK = YES;
				CLANG_WARN_BLOCK_CAPTURE_AUTORELEASING = YES;
				CLANG_WARN_BOOL_CONVERSION = YES;
				CLANG_WARN_COMMA = YES;
				CLANG_WARN_CONSTANT_CONVERSION = YES;
				CLANG_WARN_DEPRECATED_OBJC_IMPLEMENTATIONS = YES;
				CLANG_WARN_DIRECT_OBJC_ISA_USAGE = YES_ERROR;
				CLANG_WARN_DOCUMENTATION_COMMENTS = YES;
				CLANG_WARN_EMPTY_BODY = YES;
				CLANG_WARN_ENUM_CONVERSION = YES;
				CLANG_WARN_INFINITE_RECURSION = YES;
				CLANG_WARN_INT_CONVERSION = YES;
				CLANG_WARN_NON_LITERAL_NULL_CONVERSION = YES;
				CLANG_WARN_OBJC_IMPLICIT_RETAIN_SELF = YES;
				CLANG_WARN_OBJC_LITERAL_CONVERSION = YES;
				CLANG_WARN_OBJC_ROOT_CLASS = YES_ERROR;
				CLANG_WARN_QUOTED_INCLUDE_IN_FRAMEWORK_HEADER = YES;
				CLANG_WARN_RANGE_LOOP_ANALYSIS = YES;
				CLANG_WARN_STRICT_PROTOTYPES = YES;
				CLANG_WARN_SUSPICIOUS_MOVE = YES;
				CLANG_WARN_UNGUARDED_AVAILABILITY = YES_AGGRESSIVE;
				CLANG_WARN_UNREACHABLE_CODE = YES;
				CLANG_WARN__DUPLICATE_METHOD_MATCH = YES;
				COPY_PHASE_STRIP = NO;
				DEBUG_INFORMATION_FORMAT = dwarf;
				ENABLE_STRICT_OBJC_MSGSEND = YES;
				ENABLE_TESTABILITY = YES;
				GCC_C_LANGUAGE_STANDARD = gnu11;
				GCC_DYNAMIC_NO_PIC = NO;
				GCC_NO_COMMON_BLOCKS = YES;
				GCC_OPTIMIZATION_LEVEL = 0;
				GCC_PREPROCESSOR_DEFINITIONS = (
					"DEBUG=1",
					"$(inherited)",
				);
				GCC_WARN_64_TO_32_BIT_CONVERSION = YES;
				GCC_WARN_ABOUT_RETURN_TYPE = YES_ERROR;
				GCC_WARN_UNDECLARED_SELECTOR = YES;
				GCC_WARN_UNINITIALIZED_AUTOS = YES_AGGRESSIVE;
				GCC_WARN_UNUSED_FUNCTION = YES;
				GCC_WARN_UNUSED_VARIABLE = YES;
				IPHONEOS_DEPLOYMENT_TARGET = 14.5;
				MTL_ENABLE_DEBUG_INFO = INCLUDE_SOURCE;
				MTL_FAST_MATH = YES;
				ONLY_ACTIVE_ARCH = YES;
				SDKROOT = iphoneos;
				SWIFT_ACTIVE_COMPILATION_CONDITIONS = DEBUG;
				SWIFT_OPTIMIZATION_LEVEL = "-Onone";
			};
			name = Debug;
		};
		88ED74F2272FFE6F0088E3EF /* Release */ = {
			isa = XCBuildConfiguration;
			buildSettings = {
				ALWAYS_SEARCH_USER_PATHS = NO;
				CLANG_ANALYZER_NONNULL = YES;
				CLANG_ANALYZER_NUMBER_OBJECT_CONVERSION = YES_AGGRESSIVE;
				CLANG_CXX_LANGUAGE_STANDARD = "gnu++14";
				CLANG_CXX_LIBRARY = "libc++";
				CLANG_ENABLE_MODULES = YES;
				CLANG_ENABLE_OBJC_ARC = YES;
				CLANG_ENABLE_OBJC_WEAK = YES;
				CLANG_WARN_BLOCK_CAPTURE_AUTORELEASING = YES;
				CLANG_WARN_BOOL_CONVERSION = YES;
				CLANG_WARN_COMMA = YES;
				CLANG_WARN_CONSTANT_CONVERSION = YES;
				CLANG_WARN_DEPRECATED_OBJC_IMPLEMENTATIONS = YES;
				CLANG_WARN_DIRECT_OBJC_ISA_USAGE = YES_ERROR;
				CLANG_WARN_DOCUMENTATION_COMMENTS = YES;
				CLANG_WARN_EMPTY_BODY = YES;
				CLANG_WARN_ENUM_CONVERSION = YES;
				CLANG_WARN_INFINITE_RECURSION = YES;
				CLANG_WARN_INT_CONVERSION = YES;
				CLANG_WARN_NON_LITERAL_NULL_CONVERSION = YES;
				CLANG_WARN_OBJC_IMPLICIT_RETAIN_SELF = YES;
				CLANG_WARN_OBJC_LITERAL_CONVERSION = YES;
				CLANG_WARN_OBJC_ROOT_CLASS = YES_ERROR;
				CLANG_WARN_QUOTED_INCLUDE_IN_FRAMEWORK_HEADER = YES;
				CLANG_WARN_RANGE_LOOP_ANALYSIS = YES;
				CLANG_WARN_STRICT_PROTOTYPES = YES;
				CLANG_WARN_SUSPICIOUS_MOVE = YES;
				CLANG_WARN_UNGUARDED_AVAILABILITY = YES_AGGRESSIVE;
				CLANG_WARN_UNREACHABLE_CODE = YES;
				CLANG_WARN__DUPLICATE_METHOD_MATCH = YES;
				COPY_PHASE_STRIP = NO;
				DEBUG_INFORMATION_FORMAT = "dwarf-with-dsym";
				ENABLE_NS_ASSERTIONS = NO;
				ENABLE_STRICT_OBJC_MSGSEND = YES;
				GCC_C_LANGUAGE_STANDARD = gnu11;
				GCC_NO_COMMON_BLOCKS = YES;
				GCC_WARN_64_TO_32_BIT_CONVERSION = YES;
				GCC_WARN_ABOUT_RETURN_TYPE = YES_ERROR;
				GCC_WARN_UNDECLARED_SELECTOR = YES;
				GCC_WARN_UNINITIALIZED_AUTOS = YES_AGGRESSIVE;
				GCC_WARN_UNUSED_FUNCTION = YES;
				GCC_WARN_UNUSED_VARIABLE = YES;
				IPHONEOS_DEPLOYMENT_TARGET = 14.5;
				MTL_ENABLE_DEBUG_INFO = NO;
				MTL_FAST_MATH = YES;
				SDKROOT = iphoneos;
				SWIFT_COMPILATION_MODE = wholemodule;
				SWIFT_OPTIMIZATION_LEVEL = "-O";
				VALIDATE_PRODUCT = YES;
			};
			name = Release;
		};
		88ED74F4272FFE6F0088E3EF /* Debug */ = {
			isa = XCBuildConfiguration;
			buildSettings = {
				ASSETCATALOG_COMPILER_APPICON_NAME = AppIcon;
				ASSETCATALOG_COMPILER_GLOBAL_ACCENT_COLOR_NAME = AccentColor;
				CODE_SIGN_STYLE = Automatic;
				DEVELOPMENT_ASSET_PATHS = "\"rahulsapplication4/Preview Content\"";
				DEVELOPMENT_TEAM = "";
				ENABLE_PREVIEWS = YES;
				INFOPLIST_FILE = rahulsapplication4/Info.plist;
				IPHONEOS_DEPLOYMENT_TARGET = 14.0;
				LD_RUNPATH_SEARCH_PATHS = (
					"$(inherited)",
					"@executable_path/Frameworks",
				);
				PRODUCT_BUNDLE_IDENTIFIER = com.rahulsapplication.app;
				PRODUCT_NAME = "$(TARGET_NAME)";
				SWIFT_VERSION = 5.0;
				TARGETED_DEVICE_FAMILY = "1,2";
			};
			name = Debug;
		};
		88ED74F5272FFE6F0088E3EF /* Release */ = {
			isa = XCBuildConfiguration;
			buildSettings = {
				ASSETCATALOG_COMPILER_APPICON_NAME = AppIcon;
				ASSETCATALOG_COMPILER_GLOBAL_ACCENT_COLOR_NAME = AccentColor;
				CODE_SIGN_STYLE = Automatic;
				DEVELOPMENT_ASSET_PATHS = "\"rahulsapplication4/Preview Content\"";
				DEVELOPMENT_TEAM = "";
				ENABLE_PREVIEWS = YES;
				INFOPLIST_FILE = rahulsapplication4/Info.plist;
				IPHONEOS_DEPLOYMENT_TARGET = 14.0;
				LD_RUNPATH_SEARCH_PATHS = (
					"$(inherited)",
					"@executable_path/Frameworks",
				);
				PRODUCT_BUNDLE_IDENTIFIER = com.rahulsapplication.app;
				PRODUCT_NAME = "$(TARGET_NAME)";
				SWIFT_VERSION = 5.0;
				TARGETED_DEVICE_FAMILY = "1,2";
			};
			name = Release;
		};
/* End XCBuildConfiguration section */

/* Begin XCConfigurationList section */
		88ED74DF272FFE6E0088E3EF /* Build configuration list for PBXProject "rahulsapplication4" */ = {
			isa = XCConfigurationList;
			buildConfigurations = (
				88ED74F1272FFE6F0088E3EF /* Debug */,
				88ED74F2272FFE6F0088E3EF /* Release */,
			);
			defaultConfigurationIsVisible = 0;
			defaultConfigurationName = Release;
		};
		88ED74F3272FFE6F0088E3EF /* Build configuration list for PBXNativeTarget "rahulsapplication4" */ = {
			isa = XCConfigurationList;
			buildConfigurations = (
				88ED74F4272FFE6F0088E3EF /* Debug */,
				88ED74F5272FFE6F0088E3EF /* Release */,
			);
			defaultConfigurationIsVisible = 0;
			defaultConfigurationName = Release;
		};
/* End XCConfigurationList section */
	};
	rootObject = 88ED74DC272FFE6E0088E3EF /* Project object */;
}
